
Microsoft Visual Studio Solution File, Format Version 12.00
# Visual Studio Version 16
VisualStudioVersion = 16.0.30320.27
MinimumVisualStudioVersion = 10.0.40219.1
Project("{FAE04EC0-301F-11D3-BF4B-00C04F79EFBC}") = "TeamServer", "DullC2\TeamServer.csproj", "{57A9D404-8EAF-45D7-972D-8EA22A19E009}"
EndProject
Project("{FAE04EC0-301F-11D3-BF4B-00C04F79EFBC}") = "TeamServer.Tests", "TeamServer.Tests\TeamServer.Tests.csproj", "{AA6FBCEE-6DBD-42CB-8260-64BCD8BD8711}"
EndProject
Global
	GlobalSection(SolutionConfigurationPlatforms) = preSolution
		Debug|Any CPU = Debug|Any CPU
		Release|Any CPU = Release|Any CPU
	EndGlobalSection
	GlobalSection(ProjectConfigurationPlatforms) = postSolution
		{57A9D404-8EAF-45D7-972D-8EA22A19E009}.Debug|Any CPU.ActiveCfg = Debug|Any CPU
		{57A9D404-8EAF-45D7-972D-8EA22A19E009}.Debug|Any CPU.Build.0 = Debug|Any CPU
		{57A9D404-8EAF-45D7-972D-8EA22A19E009}.Release|Any CPU.ActiveCfg = Release|Any CPU
		{57A9D404-8EAF-45D7-972D-8EA22A19E009}.Release|Any CPU.Build.0 = Release|Any CPU
		{AA6FBCEE-6DBD-42CB-8260-64BCD8BD8711}.Debug|Any CPU.ActiveCfg = Debug|Any CPU
		{AA6FBCEE-6DBD-42CB-8260-64BCD8BD8711}.Debug|Any CPU.Build.0 = Debug|Any CPU
		{AA6FBCEE-6DBD-42CB-8260-64BCD8BD8711}.Release|Any CPU.ActiveCfg = Release|Any CPU
		{AA6FBCEE-6DBD-42CB-8260-64BCD8BD8711}.Release|Any CPU.Build.0 = Release|Any CPU
	EndGlobalSection
	GlobalSection(SolutionProperties) = preSolution
		HideSolutionNode = FALSE
	EndGlobalSection
	GlobalSection(ExtensibilityGlobals) = postSolution
		SolutionGuid = {DE7785F1-CC39-4270-973A-A1E8FDC177E6}
	EndGlobalSection
EndGlobal
